
Microsoft Visual Studio Solution File, Format Version 12.00
# Visual Studio Version 16
VisualStudioVersion = 16.0.31321.278
MinimumVisualStudioVersion = 10.0.40219.1
Project("{FAE04EC0-301F-11D3-BF4B-00C04F79EFBC}") = "AgendaG3-2021-II", "AgendaG3-2021-II.csproj", "{7D130060-A56E-47C3-89F6-D71B1F03FCB3}"
EndProject
Project("{FAE04EC0-301F-11D3-BF4B-00C04F79EFBC}") = "Colecciones", "..\Colecciones\Colecciones.csproj", "{EBD189F5-2650-47B3-A39F-F6DCBAF8105A}"
EndProject
Project("{FAE04EC0-301F-11D3-BF4B-00C04F79EFBC}") = "ManejoDeInterfaces", "ManejoDeInterfaces\ManejoDeInterfaces.csproj", "{6FF93A80-D25E-4255-92CC-A11C68B66944}"
EndProject
Global
	GlobalSection(SolutionConfigurationPlatforms) = preSolution
		Debug|Any CPU = Debug|Any CPU
		Release|Any CPU = Release|Any CPU
	EndGlobalSection
	GlobalSection(ProjectConfigurationPlatforms) = postSolution
		{7D130060-A56E-47C3-89F6-D71B1F03FCB3}.Debug|Any CPU.ActiveCfg = Debug|Any CPU
		{7D130060-A56E-47C3-89F6-D71B1F03FCB3}.Debug|Any CPU.Build.0 = Debug|Any CPU
		{7D130060-A56E-47C3-89F6-D71B1F03FCB3}.Release|Any CPU.ActiveCfg = Release|Any CPU
		{7D130060-A56E-47C3-89F6-D71B1F03FCB3}.Release|Any CPU.Build.0 = Release|Any CPU
		{EBD189F5-2650-47B3-A39F-F6DCBAF8105A}.Debug|Any CPU.ActiveCfg = Debug|Any CPU
		{EBD189F5-2650-47B3-A39F-F6DCBAF8105A}.Debug|Any CPU.Build.0 = Debug|Any CPU
		{EBD189F5-2650-47B3-A39F-F6DCBAF8105A}.Release|Any CPU.ActiveCfg = Release|Any CPU
		{EBD189F5-2650-47B3-A39F-F6DCBAF8105A}.Release|Any CPU.Build.0 = Release|Any CPU
		{6FF93A80-D25E-4255-92CC-A11C68B66944}.Debug|Any CPU.ActiveCfg = Debug|Any CPU
		{6FF93A80-D25E-4255-92CC-A11C68B66944}.Debug|Any CPU.Build.0 = Debug|Any CPU
		{6FF93A80-D25E-4255-92CC-A11C68B66944}.Release|Any CPU.ActiveCfg = Release|Any CPU
		{6FF93A80-D25E-4255-92CC-A11C68B66944}.Release|Any CPU.Build.0 = Release|Any CPU
	EndGlobalSection
	GlobalSection(SolutionProperties) = preSolution
		HideSolutionNode = FALSE
	EndGlobalSection
	GlobalSection(ExtensibilityGlobals) = postSolution
		SolutionGuid = {CD6A6B56-8F69-4FC5-9566-1A8A18C5B7C5}
	EndGlobalSection
EndGlobal
